<?xml version="1.0" encoding="utf-8"?>
<Project ToolsVersion="4.0" xmlns="http://schemas.microsoft.com/developer/msbuild/2003">
  <ItemGroup>
    <Filter Include="engine">
      <UniqueIdentifier>{FBDB78FB-E77D-A3D1-D038-B725BC792A22}</UniqueIdentifier>
    </Filter>
    <Filter Include="gui">
      <UniqueIdentifier>{8A78880B-F681-887C-7FFD-9E7CEB05947C}</UniqueIdentifier>
    </Filter>
    <Filter Include="logging">
      <UniqueIdentifier>{CC00C087-38E0-3E23-41F8-C9F9AD56A584}</UniqueIdentifier>
    </Filter>
  </ItemGroup>
  <ItemGroup>
    <ClInclude Include="editor\src\gui\ControlsWindow.h">
      <Filter>gui</Filter>
    </ClInclude>
    <ClInclude Include="editor\src\gui\ImGuiManager.h">
      <Filter>gui</Filter>
    </ClInclude>
    <ClInclude Include="editor\src\gui\LoggingWindow.h">
      <Filter>gui</Filter>
    </ClInclude>
    <ClInclude Include="common\src\logging\ImGuiTextBufferSink.h">
      <Filter>logging</Filter>
    </ClInclude>
    <ClInclude Include="common\src\logging\Logging.h">
      <Filter>logging</Filter>
    </ClInclude>
    <ClInclude Include="engine\src\core\Core.h" />
    <ClInclude Include="engine\src\core\Engine.h" />
    <ClInclude Include="engine\src\core\EngineEvents.h" />
    <ClInclude Include="engine\src\core\EngineTimer.h" />
    <ClInclude Include="engine\src\ecs\base\ECSTypes.h" />
    <ClInclude Include="engine\src\ecs\ECS.h" />
    <ClInclude Include="engine\src\ecs\base\Component.h" />
    <ClInclude Include="engine\src\ecs\base\System.h" />
    <ClInclude Include="engine\src\ecs\base\ComponentVector.h" />
    <ClInclude Include="engine\src\ecs\base\EntityManager.h" />
    <ClInclude Include="common\src\utility\AssertMsgFormat.h" />
    <ClInclude Include="engine\src\ecs\base\Entity.h" />
    <ClInclude Include="common\src\logging\Logger.h" />
    <ClInclude Include="common\src\Types.h" />
  </ItemGroup>
  <ItemGroup>
    <ClCompile Include="editor\src\gui\ControlsWindow.cpp">
      <Filter>gui</Filter>
    </ClCompile>
    <ClCompile Include="editor\src\gui\ImGuiManager.cpp">
      <Filter>gui</Filter>
    </ClCompile>
    <ClCompile Include="editor\src\gui\LoggingWindow.cpp">
      <Filter>gui</Filter>
    </ClCompile>
    <ClCompile Include="common\src\logging\ImGuiTextBufferSink.cpp">
      <Filter>logging</Filter>
    </ClCompile>
    <ClCompile Include="common\src\logging\Logging.cpp">
      <Filter>logging</Filter>
    </ClCompile>
    <ClCompile Include="src\main.cpp" />
    <ClCompile Include="engine\src\core\Engine.cpp" />
    <ClCompile Include="engine\src\core\EngineEvents.cpp" />
    <ClCompile Include="engine\src\core\EngineTimer.cpp" />
    <ClCompile Include="engine\src\ecs\base\System.cpp" />
    <ClCompile Include="engine\src\ecs\base\EntityManager.cpp" />
    <ClCompile Include="engine\src\ecs\base\Entity.cpp" />
    <ClCompile Include="engine\test\ecs.cpp" />
  </ItemGroup>
</Project>